dependencies:
- name: redis
  repository: https://charts.bitnami.com/bitnami
  version: 25.3.9
- name: postgresql
  repository: https://charts.bitnami.com/bitnami
  version: 18.5.14
- name: minio
  repository: https://charts.min.io/
  version: 5.4.0
digest: sha256:fc320101f535adc25febc1bcd36a375d7f2c0f8e28adac4d0cec1d8cc5fb18b0
generated: "2026-03-25T02:52:57.727919937Z"
